
Microsoft Visual Studio Solution File, Format Version 12.00
# Visual Studio Version 16
VisualStudioVersion = 16.0.31729.503
MinimumVisualStudioVersion = 10.0.40219.1
Project("{FAE04EC0-301F-11D3-BF4B-00C04F79EFBC}") = "ShipKeepCo.API", "ShipKeepCo.API\ShipKeepCo.API.csproj", "{56CAEA9B-07C1-4B0A-A8A9-C7E493C10213}"
EndProject
Project("{FAE04EC0-301F-11D3-BF4B-00C04F79EFBC}") = "ShipKeepCo.Application", "ShipKeepCo.Application\ShipKeepCo.Application.csproj", "{16C9D43C-D785-4E52-A8A8-C32C975480B1}"
EndProject
Project("{FAE04EC0-301F-11D3-BF4B-00C04F79EFBC}") = "ShipKeepCo.Domain", "ShipKeepCo.Domain\ShipKeepCo.Domain.csproj", "{27B42535-86C6-4211-A25A-6B02FB88D37B}"
EndProject
Project("{FAE04EC0-301F-11D3-BF4B-00C04F79EFBC}") = "ShipKeepCo.Infrastructure", "ShipKeepCo.Infrastructure\ShipKeepCo.Infrastructure.csproj", "{E2E7DA6A-BBB4-410A-B491-4056D85FFCE4}"
EndProject
Global
	GlobalSection(SolutionConfigurationPlatforms) = preSolution
		Debug|Any CPU = Debug|Any CPU
		Release|Any CPU = Release|Any CPU
	EndGlobalSection
	GlobalSection(ProjectConfigurationPlatforms) = postSolution
		{56CAEA9B-07C1-4B0A-A8A9-C7E493C10213}.Debug|Any CPU.ActiveCfg = Debug|Any CPU
		{56CAEA9B-07C1-4B0A-A8A9-C7E493C10213}.Debug|Any CPU.Build.0 = Debug|Any CPU
		{56CAEA9B-07C1-4B0A-A8A9-C7E493C10213}.Release|Any CPU.ActiveCfg = Release|Any CPU
		{56CAEA9B-07C1-4B0A-A8A9-C7E493C10213}.Release|Any CPU.Build.0 = Release|Any CPU
		{16C9D43C-D785-4E52-A8A8-C32C975480B1}.Debug|Any CPU.ActiveCfg = Debug|Any CPU
		{16C9D43C-D785-4E52-A8A8-C32C975480B1}.Debug|Any CPU.Build.0 = Debug|Any CPU
		{16C9D43C-D785-4E52-A8A8-C32C975480B1}.Release|Any CPU.ActiveCfg = Release|Any CPU
		{16C9D43C-D785-4E52-A8A8-C32C975480B1}.Release|Any CPU.Build.0 = Release|Any CPU
		{27B42535-86C6-4211-A25A-6B02FB88D37B}.Debug|Any CPU.ActiveCfg = Debug|Any CPU
		{27B42535-86C6-4211-A25A-6B02FB88D37B}.Debug|Any CPU.Build.0 = Debug|Any CPU
		{27B42535-86C6-4211-A25A-6B02FB88D37B}.Release|Any CPU.ActiveCfg = Release|Any CPU
		{27B42535-86C6-4211-A25A-6B02FB88D37B}.Release|Any CPU.Build.0 = Release|Any CPU
		{E2E7DA6A-BBB4-410A-B491-4056D85FFCE4}.Debug|Any CPU.ActiveCfg = Debug|Any CPU
		{E2E7DA6A-BBB4-410A-B491-4056D85FFCE4}.Debug|Any CPU.Build.0 = Debug|Any CPU
		{E2E7DA6A-BBB4-410A-B491-4056D85FFCE4}.Release|Any CPU.ActiveCfg = Release|Any CPU
		{E2E7DA6A-BBB4-410A-B491-4056D85FFCE4}.Release|Any CPU.Build.0 = Release|Any CPU
	EndGlobalSection
	GlobalSection(SolutionProperties) = preSolution
		HideSolutionNode = FALSE
	EndGlobalSection
	GlobalSection(ExtensibilityGlobals) = postSolution
		SolutionGuid = {A57A19DB-0C92-4469-B516-AF6B6B6788C0}
	EndGlobalSection
EndGlobal
